
Microsoft Visual Studio Solution File, Format Version 12.00
Project("{FAE04EC0-301F-11D3-BF4B-00C04F79EFBC}") = "BINAES", "BINAES\BINAES.csproj", "{480F8C23-F9EA-427F-BCDF-073E9C43D20E}"
EndProject
Global
	GlobalSection(SolutionConfigurationPlatforms) = preSolution
		Debug|Any CPU = Debug|Any CPU
		Release|Any CPU = Release|Any CPU
	EndGlobalSection
	GlobalSection(ProjectConfigurationPlatforms) = postSolution
		{480F8C23-F9EA-427F-BCDF-073E9C43D20E}.Debug|Any CPU.ActiveCfg = Debug|Any CPU
		{480F8C23-F9EA-427F-BCDF-073E9C43D20E}.Debug|Any CPU.Build.0 = Debug|Any CPU
		{480F8C23-F9EA-427F-BCDF-073E9C43D20E}.Release|Any CPU.ActiveCfg = Release|Any CPU
		{480F8C23-F9EA-427F-BCDF-073E9C43D20E}.Release|Any CPU.Build.0 = Release|Any CPU
	EndGlobalSection
EndGlobal
